
Microsoft Visual Studio Solution File, Format Version 12.00
# Visual Studio Version 16
VisualStudioVersion = 16.0.31205.134
MinimumVisualStudioVersion = 10.0.40219.1
Project("{FAE04EC0-301F-11D3-BF4B-00C04F79EFBC}") = "WeatherService", "WeatherService\WeatherService.csproj", "{21768D4C-0DB8-4183-B322-0AA9FC58D51A}"
EndProject
Global
	GlobalSection(SolutionConfigurationPlatforms) = preSolution
		Debug|Any CPU = Debug|Any CPU
		Release|Any CPU = Release|Any CPU
	EndGlobalSection
	GlobalSection(ProjectConfigurationPlatforms) = postSolution
		{21768D4C-0DB8-4183-B322-0AA9FC58D51A}.Debug|Any CPU.ActiveCfg = Debug|Any CPU
		{21768D4C-0DB8-4183-B322-0AA9FC58D51A}.Debug|Any CPU.Build.0 = Debug|Any CPU
		{21768D4C-0DB8-4183-B322-0AA9FC58D51A}.Release|Any CPU.ActiveCfg = Release|Any CPU
		{21768D4C-0DB8-4183-B322-0AA9FC58D51A}.Release|Any CPU.Build.0 = Release|Any CPU
	EndGlobalSection
	GlobalSection(SolutionProperties) = preSolution
		HideSolutionNode = FALSE
	EndGlobalSection
	GlobalSection(ExtensibilityGlobals) = postSolution
		SolutionGuid = {432BCF45-DF43-41EC-A340-AD9125872C78}
	EndGlobalSection
EndGlobal
